
Microsoft Visual Studio Solution File, Format Version 12.00
Project("{FAE04EC0-301F-11D3-BF4B-00C04F79EFBC}") = "BlazorShop", "BlazorShop\BlazorShop.csproj", "{06DE3375-4B80-415F-BB97-727436958E49}"
EndProject
Project("{FAE04EC0-301F-11D3-BF4B-00C04F79EFBC}") = "HttpApiClient", "HttpApiClient\HttpApiClient.csproj", "{46A1BB2B-423D-4E34-97C8-51680B136A10}"
EndProject
Project("{FAE04EC0-301F-11D3-BF4B-00C04F79EFBC}") = "Models", "Models\Models.csproj", "{345125AC-1D2D-46B7-97E2-E54D95B1CB2E}"
EndProject
Project("{FAE04EC0-301F-11D3-BF4B-00C04F79EFBC}") = "BackendShop", "BackendShop\BackendShop.csproj", "{8333375B-70C4-4C2E-BFB5-0E489B3F8055}"
EndProject
Project("{FAE04EC0-301F-11D3-BF4B-00C04F79EFBC}") = "ShopOnline.Tests", "ShopOnline.Tests\ShopOnline.Tests.csproj", "{29B16AAD-05D7-4149-8F98-B1FCB9131828}"
EndProject
Global
	GlobalSection(SolutionConfigurationPlatforms) = preSolution
		Debug|Any CPU = Debug|Any CPU
		Release|Any CPU = Release|Any CPU
	EndGlobalSection
	GlobalSection(ProjectConfigurationPlatforms) = postSolution
		{06DE3375-4B80-415F-BB97-727436958E49}.Debug|Any CPU.ActiveCfg = Debug|Any CPU
		{06DE3375-4B80-415F-BB97-727436958E49}.Debug|Any CPU.Build.0 = Debug|Any CPU
		{06DE3375-4B80-415F-BB97-727436958E49}.Release|Any CPU.ActiveCfg = Release|Any CPU
		{06DE3375-4B80-415F-BB97-727436958E49}.Release|Any CPU.Build.0 = Release|Any CPU
		{46A1BB2B-423D-4E34-97C8-51680B136A10}.Debug|Any CPU.ActiveCfg = Debug|Any CPU
		{46A1BB2B-423D-4E34-97C8-51680B136A10}.Debug|Any CPU.Build.0 = Debug|Any CPU
		{46A1BB2B-423D-4E34-97C8-51680B136A10}.Release|Any CPU.ActiveCfg = Release|Any CPU
		{46A1BB2B-423D-4E34-97C8-51680B136A10}.Release|Any CPU.Build.0 = Release|Any CPU
		{345125AC-1D2D-46B7-97E2-E54D95B1CB2E}.Debug|Any CPU.ActiveCfg = Debug|Any CPU
		{345125AC-1D2D-46B7-97E2-E54D95B1CB2E}.Debug|Any CPU.Build.0 = Debug|Any CPU
		{345125AC-1D2D-46B7-97E2-E54D95B1CB2E}.Release|Any CPU.ActiveCfg = Release|Any CPU
		{345125AC-1D2D-46B7-97E2-E54D95B1CB2E}.Release|Any CPU.Build.0 = Release|Any CPU
		{8333375B-70C4-4C2E-BFB5-0E489B3F8055}.Debug|Any CPU.ActiveCfg = Debug|Any CPU
		{8333375B-70C4-4C2E-BFB5-0E489B3F8055}.Debug|Any CPU.Build.0 = Debug|Any CPU
		{8333375B-70C4-4C2E-BFB5-0E489B3F8055}.Release|Any CPU.ActiveCfg = Release|Any CPU
		{8333375B-70C4-4C2E-BFB5-0E489B3F8055}.Release|Any CPU.Build.0 = Release|Any CPU
		{29B16AAD-05D7-4149-8F98-B1FCB9131828}.Debug|Any CPU.ActiveCfg = Debug|Any CPU
		{29B16AAD-05D7-4149-8F98-B1FCB9131828}.Debug|Any CPU.Build.0 = Debug|Any CPU
		{29B16AAD-05D7-4149-8F98-B1FCB9131828}.Release|Any CPU.ActiveCfg = Release|Any CPU
		{29B16AAD-05D7-4149-8F98-B1FCB9131828}.Release|Any CPU.Build.0 = Release|Any CPU
	EndGlobalSection
EndGlobal
